
Microsoft Visual Studio Solution File, Format Version 12.00
# Visual Studio Version 17
VisualStudioVersion = 17.8.34408.163
MinimumVisualStudioVersion = 10.0.40219.1
Project("{FAE04EC0-301F-11D3-BF4B-00C04F79EFBC}") = "task8", "task8\task8.csproj", "{5440629E-EC4F-4D43-8AA8-32F272C38134}"
EndProject
Global
	GlobalSection(SolutionConfigurationPlatforms) = preSolution
		Debug|Any CPU = Debug|Any CPU
		Release|Any CPU = Release|Any CPU
	EndGlobalSection
	GlobalSection(ProjectConfigurationPlatforms) = postSolution
		{5440629E-EC4F-4D43-8AA8-32F272C38134}.Debug|Any CPU.ActiveCfg = Debug|Any CPU
		{5440629E-EC4F-4D43-8AA8-32F272C38134}.Debug|Any CPU.Build.0 = Debug|Any CPU
		{5440629E-EC4F-4D43-8AA8-32F272C38134}.Release|Any CPU.ActiveCfg = Release|Any CPU
		{5440629E-EC4F-4D43-8AA8-32F272C38134}.Release|Any CPU.Build.0 = Release|Any CPU
	EndGlobalSection
	GlobalSection(SolutionProperties) = preSolution
		HideSolutionNode = FALSE
	EndGlobalSection
	GlobalSection(ExtensibilityGlobals) = postSolution
		SolutionGuid = {C432DBA1-3466-4950-8085-B1E2FF5D7227}
	EndGlobalSection
EndGlobal
